// !$*UTF8*$!
{
	archiveVersion = 1;
	classes = {
	};
	objectVersion = 46;
	objects = {

/* Begin PBXBuildFile section */
		150D5FA618ACA0C200FE3303 /* MainViewController.m in Sources */ = {isa = PBXBuildFile; fileRef = 150D5FA418ACA0C200FE3303 /* MainViewController.m */; };
		150D5FA718ACA0C200FE3303 /* MainViewController.xib in Resources */ = {isa = PBXBuildFile; fileRef = 150D5FA518ACA0C200FE3303 /* MainViewController.xib */; };
		150D5FAB18ACA98400FE3303 /* ZabarViewController.m in Sources */ = {isa = PBXBuildFile; fileRef = 150D5FA918ACA98400FE3303 /* ZabarViewController.m */; };
		150D5FAC18ACA98400FE3303 /* ZabarViewController.xib in Resources */ = {isa = PBXBuildFile; fileRef = 150D5FAA18ACA98400FE3303 /* ZabarViewController.xib */; };
		150D5FCD18ACABB500FE3303 /* .gitignore in Resources */ = {isa = PBXBuildFile; fileRef = 150D5FAE18ACABB500FE3303 /* .gitignore */; };
		150D5FCE18ACABB500FE3303 /* libzbar.a in Frameworks */ = {isa = PBXBuildFile; fileRef = 150D5FC618ACABB500FE3303 /* libzbar.a */; };
		150D5FCF18ACABB500FE3303 /* README in Resources */ = {isa = PBXBuildFile; fileRef = 150D5FC718ACABB500FE3303 /* README */; };
		150D5FD018ACABB500FE3303 /* zbar-back.png in Resources */ = {isa = PBXBuildFile; fileRef = 150D5FC918ACABB500FE3303 /* zbar-back.png */; };
		150D5FD118ACABB500FE3303 /* zbar-help.html in Resources */ = {isa = PBXBuildFile; fileRef = 150D5FCA18ACABB500FE3303 /* zbar-help.html */; };
		150D5FD218ACABB500FE3303 /* zbar-helpicons.png in Resources */ = {isa = PBXBuildFile; fileRef = 150D5FCB18ACABB500FE3303 /* zbar-helpicons.png */; };
		150D5FD318ACABB500FE3303 /* zbar-samples.png in Resources */ = {isa = PBXBuildFile; fileRef = 150D5FCC18ACABB500FE3303 /* zbar-samples.png */; };
		154DFF2B18890EAE00082207 /* Foundation.framework in Frameworks */ = {isa = PBXBuildFile; fileRef = 154DFF2A18890EAE00082207 /* Foundation.framework */; };
		154DFF2D18890EAE00082207 /* CoreGraphics.framework in Frameworks */ = {isa = PBXBuildFile; fileRef = 154DFF2C18890EAE00082207 /* CoreGraphics.framework */; };
		154DFF2F18890EAE00082207 /* UIKit.framework in Frameworks */ = {isa = PBXBuildFile; fileRef = 154DFF2E18890EAE00082207 /* UIKit.framework */; };
		154DFF3518890EAE00082207 /* InfoPlist.strings in Resources */ = {isa = PBXBuildFile; fileRef = 154DFF3318890EAE00082207 /* InfoPlist.strings */; };
		154DFF3718890EAE00082207 /* main.m in Sources */ = {isa = PBXBuildFile; fileRef = 154DFF3618890EAE00082207 /* main.m */; };
		154DFF3B18890EAE00082207 /* AppDelegate.m in Sources */ = {isa = PBXBuildFile; fileRef = 154DFF3A18890EAE00082207 /* AppDelegate.m */; };
		154DFF3D18890EAE00082207 /* Images.xcassets in Resources */ = {isa = PBXBuildFile; fileRef = 154DFF3C18890EAE00082207 /* Images.xcassets */; };
		154DFF4418890EAE00082207 /* XCTest.framework in Frameworks */ = {isa = PBXBuildFile; fileRef = 154DFF4318890EAE00082207 /* XCTest.framework */; };
		154DFF4518890EAE00082207 /* Foundation.framework in Frameworks */ = {isa = PBXBuildFile; fileRef = 154DFF2A18890EAE00082207 /* Foundation.framework */; };
		154DFF4618890EAE00082207 /* UIKit.framework in Frameworks */ = {isa = PBXBuildFile; fileRef = 154DFF2E18890EAE00082207 /* UIKit.framework */; };
		154DFF4E18890EAE00082207 /* InfoPlist.strings in Resources */ = {isa = PBXBuildFile; fileRef = 154DFF4C18890EAE00082207 /* InfoPlist.strings */; };
		154DFF5018890EAE00082207 /* testdemoTests.m in Sources */ = {isa = PBXBuildFile; fileRef = 154DFF4F18890EAE00082207 /* testdemoTests.m */; };
		15566E8F18AE131C00DA2E59 /* Inside_Center_Picture@2x.png in Resources */ = {isa = PBXBuildFile; fileRef = 15566E8E18AE131C00DA2E59 /* Inside_Center_Picture@2x.png */; };
		15566E9218AE159F00DA2E59 /* CycleView.m in Sources */ = {isa = PBXBuildFile; fileRef = 15566E9118AE159F00DA2E59 /* CycleView.m */; };
		157B383118ADA4E0008B7ACE /* CoreLocation.framework in Frameworks */ = {isa = PBXBuildFile; fileRef = 157B383018ADA4E0008B7ACE /* CoreLocation.framework */; };
		158FE4E718AE04B80060B15C /* AnimationViewController.m in Sources */ = {isa = PBXBuildFile; fileRef = 158FE4E518AE04B80060B15C /* AnimationViewController.m */; };
		158FE4E818AE04B80060B15C /* AnimationViewController.xib in Resources */ = {isa = PBXBuildFile; fileRef = 158FE4E618AE04B80060B15C /* AnimationViewController.xib */; };
		159E974C18B7296800BF7405 /* gc_skydrive_mydrive_pic@2x.png in Resources */ = {isa = PBXBuildFile; fileRef = 159E974B18B7296800BF7405 /* gc_skydrive_mydrive_pic@2x.png */; };
		15C76BEB18ACB1DF006EA77D /* AVFoundation.framework in Frameworks */ = {isa = PBXBuildFile; fileRef = 15C76BEA18ACB1DF006EA77D /* AVFoundation.framework */; };
		15C76BED18ACB1ED006EA77D /* CoreMedia.framework in Frameworks */ = {isa = PBXBuildFile; fileRef = 15C76BEC18ACB1ED006EA77D /* CoreMedia.framework */; };
		15C76BEF18ACB1FA006EA77D /* CoreVideo.framework in Frameworks */ = {isa = PBXBuildFile; fileRef = 15C76BEE18ACB1FA006EA77D /* CoreVideo.framework */; };
		15C76BF118ACB20C006EA77D /* QuartzCore.framework in Frameworks */ = {isa = PBXBuildFile; fileRef = 15C76BF018ACB20C006EA77D /* QuartzCore.framework */; };
		15C76BF318ACB21D006EA77D /* libiconv.dylib in Frameworks */ = {isa = PBXBuildFile; fileRef = 15C76BF218ACB21D006EA77D /* libiconv.dylib */; };
		15C76BF518ACBC9C006EA77D /* MapKit.framework in Frameworks */ = {isa = PBXBuildFile; fileRef = 15C76BF418ACBC9C006EA77D /* MapKit.framework */; };
/* End PBXBuildFile section */

/* Begin PBXContainerItemProxy section */
		154DFF4718890EAE00082207 /* PBXContainerItemProxy */ = {
			isa = PBXContainerItemProxy;
			containerPortal = 154DFF1F18890EAE00082207 /* Project object */;
			proxyType = 1;
			remoteGlobalIDString = 154DFF2618890EAE00082207;
			remoteInfo = testdemo;
		};
/* End PBXContainerItemProxy section */

/* Begin PBXFileReference section */
		150D5FA318ACA0C200FE3303 /* MainViewController.h */ = {isa = PBXFileReference; fileEncoding = 4; lastKnownFileType = sourcecode.c.h; path = MainViewController.h; sourceTree = "<group>"; };
		150D5FA418ACA0C200FE3303 /* MainViewController.m */ = {isa = PBXFileReference; fileEncoding = 4; lastKnownFileType = sourcecode.c.objc; path = MainViewController.m; sourceTree = "<group>"; };
		150D5FA518ACA0C200FE3303 /* MainViewController.xib */ = {isa = PBXFileReference; fileEncoding = 4; lastKnownFileType = file.xib; path = MainViewController.xib; sourceTree = "<group>"; };
		150D5FA818ACA98400FE3303 /* ZabarViewController.h */ = {isa = PBXFileReference; fileEncoding = 4; lastKnownFileType = sourcecode.c.h; path = ZabarViewController.h; sourceTree = "<group>"; };
		150D5FA918ACA98400FE3303 /* ZabarViewController.m */ = {isa = PBXFileReference; fileEncoding = 4; lastKnownFileType = sourcecode.c.objc; path = ZabarViewController.m; sourceTree = "<group>"; };
		150D5FAA18ACA98400FE3303 /* ZabarViewController.xib */ = {isa = PBXFileReference; fileEncoding = 4; lastKnownFileType = file.xib; path = ZabarViewController.xib; sourceTree = "<group>"; };
		150D5FAE18ACABB500FE3303 /* .gitignore */ = {isa = PBXFileReference; fileEncoding = 4; lastKnownFileType = text; path = .gitignore; sourceTree = "<group>"; };
		150D5FB218ACABB500FE3303 /* Decoder.h */ = {isa = PBXFileReference; fileEncoding = 4; lastKnownFileType = sourcecode.c.h; path = Decoder.h; sourceTree = "<group>"; };
		150D5FB318ACABB500FE3303 /* Exception.h */ = {isa = PBXFileReference; fileEncoding = 4; lastKnownFileType = sourcecode.c.h; path = Exception.h; sourceTree = "<group>"; };
		150D5FB418ACABB500FE3303 /* Image.h */ = {isa = PBXFileReference; fileEncoding = 4; lastKnownFileType = sourcecode.c.h; path = Image.h; sourceTree = "<group>"; };
		150D5FB518ACABB500FE3303 /* ImageScanner.h */ = {isa = PBXFileReference; fileEncoding = 4; lastKnownFileType = sourcecode.c.h; path = ImageScanner.h; sourceTree = "<group>"; };
		150D5FB618ACABB500FE3303 /* Processor.h */ = {isa = PBXFileReference; fileEncoding = 4; lastKnownFileType = sourcecode.c.h; path = Processor.h; sourceTree = "<group>"; };
		150D5FB718ACABB500FE3303 /* Scanner.h */ = {isa = PBXFileReference; fileEncoding = 4; lastKnownFileType = sourcecode.c.h; path = Scanner.h; sourceTree = "<group>"; };
		150D5FB818ACABB500FE3303 /* Symbol.h */ = {isa = PBXFileReference; fileEncoding = 4; lastKnownFileType = sourcecode.c.h; path = Symbol.h; sourceTree = "<group>"; };
		150D5FB918ACABB500FE3303 /* Video.h */ = {isa = PBXFileReference; fileEncoding = 4; lastKnownFileType = sourcecode.c.h; path = Video.h; sourceTree = "<group>"; };
		150D5FBA18ACABB500FE3303 /* Window.h */ = {isa = PBXFileReference; fileEncoding = 4; lastKnownFileType = sourcecode.c.h; path = Window.h; sourceTree = "<group>"; };
		150D5FBB18ACABB500FE3303 /* zbar.h */ = {isa = PBXFileReference; fileEncoding = 4; lastKnownFileType = sourcecode.c.h; path = zbar.h; sourceTree = "<group>"; };
		150D5FBC18ACABB500FE3303 /* ZBarCameraSimulator.h */ = {isa = PBXFileReference; fileEncoding = 4; lastKnownFileType = sourcecode.c.h; path = ZBarCameraSimulator.h; sourceTree = "<group>"; };
		150D5FBD18ACABB500FE3303 /* ZBarCaptureReader.h */ = {isa = PBXFileReference; fileEncoding = 4; lastKnownFileType = sourcecode.c.h; path = ZBarCaptureReader.h; sourceTree = "<group>"; };
		150D5FBE18ACABB500FE3303 /* ZBarHelpController.h */ = {isa = PBXFileReference; fileEncoding = 4; lastKnownFileType = sourcecode.c.h; path = ZBarHelpController.h; sourceTree = "<group>"; };
		150D5FBF18ACABB500FE3303 /* ZBarImage.h */ = {isa = PBXFileReference; fileEncoding = 4; lastKnownFileType = sourcecode.c.h; path = ZBarImage.h; sourceTree = "<group>"; };
		150D5FC018ACABB500FE3303 /* ZBarImageScanner.h */ = {isa = PBXFileReference; fileEncoding = 4; lastKnownFileType = sourcecode.c.h; path = ZBarImageScanner.h; sourceTree = "<group>"; };
		150D5FC118ACABB500FE3303 /* ZBarReaderController.h */ = {isa = PBXFileReference; fileEncoding = 4; lastKnownFileType = sourcecode.c.h; path = ZBarReaderController.h; sourceTree = "<group>"; };
		150D5FC218ACABB500FE3303 /* ZBarReaderView.h */ = {isa = PBXFileReference; fileEncoding = 4; lastKnownFileType = sourcecode.c.h; path = ZBarReaderView.h; sourceTree = "<group>"; };
		150D5FC318ACABB500FE3303 /* ZBarReaderViewController.h */ = {isa = PBXFileReference; fileEncoding = 4; lastKnownFileType = sourcecode.c.h; path = ZBarReaderViewController.h; sourceTree = "<group>"; };
		150D5FC418ACABB500FE3303 /* ZBarSDK.h */ = {isa = PBXFileReference; fileEncoding = 4; lastKnownFileType = sourcecode.c.h; path = ZBarSDK.h; sourceTree = "<group>"; };
		150D5FC518ACABB500FE3303 /* ZBarSymbol.h */ = {isa = PBXFileReference; fileEncoding = 4; lastKnownFileType = sourcecode.c.h; path = ZBarSymbol.h; sourceTree = "<group>"; };
		150D5FC618ACABB500FE3303 /* libzbar.a */ = {isa = PBXFileReference; lastKnownFileType = archive.ar; path = libzbar.a; sourceTree = "<group>"; };
		150D5FC718ACABB500FE3303 /* README */ = {isa = PBXFileReference; fileEncoding = 4; lastKnownFileType = text; path = README; sourceTree = "<group>"; };
		150D5FC918ACABB500FE3303 /* zbar-back.png */ = {isa = PBXFileReference; lastKnownFileType = image.png; path = "zbar-back.png"; sourceTree = "<group>"; };
		150D5FCA18ACABB500FE3303 /* zbar-help.html */ = {isa = PBXFileReference; fileEncoding = 4; lastKnownFileType = text.html; path = "zbar-help.html"; sourceTree = "<group>"; };
		150D5FCB18ACABB500FE3303 /* zbar-helpicons.png */ = {isa = PBXFileReference; lastKnownFileType = image.png; path = "zbar-helpicons.png"; sourceTree = "<group>"; };
		150D5FCC18ACABB500FE3303 /* zbar-samples.png */ = {isa = PBXFileReference; lastKnownFileType = image.png; path = "zbar-samples.png"; sourceTree = "<group>"; };
		154DFF2718890EAE00082207 /* testdemo.app */ = {isa = PBXFileReference; explicitFileType = wrapper.application; includeInIndex = 0; path = testdemo.app; sourceTree = BUILT_PRODUCTS_DIR; };
		154DFF2A18890EAE00082207 /* Foundation.framework */ = {isa = PBXFileReference; lastKnownFileType = wrapper.framework; name = Foundation.framework; path = System/Library/Frameworks/Foundation.framework; sourceTree = SDKROOT; };
		154DFF2C18890EAE00082207 /* CoreGraphics.framework */ = {isa = PBXFileReference; lastKnownFileType = wrapper.framework; name = CoreGraphics.framework; path = System/Library/Frameworks/CoreGraphics.framework; sourceTree = SDKROOT; };
		154DFF2E18890EAE00082207 /* UIKit.framework */ = {isa = PBXFileReference; lastKnownFileType = wrapper.framework; name = UIKit.framework; path = System/Library/Frameworks/UIKit.framework; sourceTree = SDKROOT; };
		154DFF3218890EAE00082207 /* testdemo-Info.plist */ = {isa = PBXFileReference; lastKnownFileType = text.plist.xml; path = "testdemo-Info.plist"; sourceTree = "<group>"; };
		154DFF3418890EAE00082207 /* en */ = {isa = PBXFileReference; lastKnownFileType = text.plist.strings; name = en; path = en.lproj/InfoPlist.strings; sourceTree = "<group>"; };
		154DFF3618890EAE00082207 /* main.m */ = {isa = PBXFileReference; lastKnownFileType = sourcecode.c.objc; path = main.m; sourceTree = "<group>"; };
		154DFF3818890EAE00082207 /* testdemo-Prefix.pch */ = {isa = PBXFileReference; lastKnownFileType = sourcecode.c.h; path = "testdemo-Prefix.pch"; sourceTree = "<group>"; };
		154DFF3918890EAE00082207 /* AppDelegate.h */ = {isa = PBXFileReference; lastKnownFileType = sourcecode.c.h; path = AppDelegate.h; sourceTree = "<group>"; };
		154DFF3A18890EAE00082207 /* AppDelegate.m */ = {isa = PBXFileReference; lastKnownFileType = sourcecode.c.objc; path = AppDelegate.m; sourceTree = "<group>"; };
		154DFF3C18890EAE00082207 /* Images.xcassets */ = {isa = PBXFileReference; lastKnownFileType = folder.assetcatalog; path = Images.xcassets; sourceTree = "<group>"; };
		154DFF4218890EAE00082207 /* testdemoTests.xctest */ = {isa = PBXFileReference; explicitFileType = wrapper.cfbundle; includeInIndex = 0; path = testdemoTests.xctest; sourceTree = BUILT_PRODUCTS_DIR; };
		154DFF4318890EAE00082207 /* XCTest.framework */ = {isa = PBXFileReference; lastKnownFileType = wrapper.framework; name = XCTest.framework; path = Library/Frameworks/XCTest.framework; sourceTree = DEVELOPER_DIR; };
		154DFF4B18890EAE00082207 /* testdemoTests-Info.plist */ = {isa = PBXFileReference; lastKnownFileType = text.plist.xml; path = "testdemoTests-Info.plist"; sourceTree = "<group>"; };
		154DFF4D18890EAE00082207 /* en */ = {isa = PBXFileReference; lastKnownFileType = text.plist.strings; name = en; path = en.lproj/InfoPlist.strings; sourceTree = "<group>"; };
		154DFF4F18890EAE00082207 /* testdemoTests.m */ = {isa = PBXFileReference; lastKnownFileType = sourcecode.c.objc; path = testdemoTests.m; sourceTree = "<group>"; };
		15566E8E18AE131C00DA2E59 /* Inside_Center_Picture@2x.png */ = {isa = PBXFileReference; lastKnownFileType = image.png; name = "Inside_Center_Picture@2x.png"; path = "../../WisdomCloud_linux/WisdomCloud/image/Inside_Center_Picture@2x.png"; sourceTree = "<group>"; };
		15566E9018AE159F00DA2E59 /* CycleView.h */ = {isa = PBXFileReference; fileEncoding = 4; lastKnownFileType = sourcecode.c.h; path = CycleView.h; sourceTree = "<group>"; };
		15566E9118AE159F00DA2E59 /* CycleView.m */ = {isa = PBXFileReference; fileEncoding = 4; lastKnownFileType = sourcecode.c.objc; path = CycleView.m; sourceTree = "<group>"; };
		157B383018ADA4E0008B7ACE /* CoreLocation.framework */ = {isa = PBXFileReference; lastKnownFileType = wrapper.framework; name = CoreLocation.framework; path = System/Library/Frameworks/CoreLocation.framework; sourceTree = SDKROOT; };
		158FE4E418AE04B80060B15C /* AnimationViewController.h */ = {isa = PBXFileReference; fileEncoding = 4; lastKnownFileType = sourcecode.c.h; path = AnimationViewController.h; sourceTree = "<group>"; };
		158FE4E518AE04B80060B15C /* AnimationViewController.m */ = {isa = PBXFileReference; fileEncoding = 4; lastKnownFileType = sourcecode.c.objc; path = AnimationViewController.m; sourceTree = "<group>"; };
		158FE4E618AE04B80060B15C /* AnimationViewController.xib */ = {isa = PBXFileReference; fileEncoding = 4; lastKnownFileType = file.xib; path = AnimationViewController.xib; sourceTree = "<group>"; };
		159E974B18B7296800BF7405 /* gc_skydrive_mydrive_pic@2x.png */ = {isa = PBXFileReference; lastKnownFileType = image.png; path = "gc_skydrive_mydrive_pic@2x.png"; sourceTree = "<group>"; };
		15C76BEA18ACB1DF006EA77D /* AVFoundation.framework */ = {isa = PBXFileReference; lastKnownFileType = wrapper.framework; name = AVFoundation.framework; path = System/Library/Frameworks/AVFoundation.framework; sourceTree = SDKROOT; };
		15C76BEC18ACB1ED006EA77D /* CoreMedia.framework */ = {isa = PBXFileReference; lastKnownFileType = wrapper.framework; name = CoreMedia.framework; path = System/Library/Frameworks/CoreMedia.framework; sourceTree = SDKROOT; };
		15C76BEE18ACB1FA006EA77D /* CoreVideo.framework */ = {isa = PBXFileReference; lastKnownFileType = wrapper.framework; name = CoreVideo.framework; path = System/Library/Frameworks/CoreVideo.framework; sourceTree = SDKROOT; };
		15C76BF018ACB20C006EA77D /* QuartzCore.framework */ = {isa = PBXFileReference; lastKnownFileType = wrapper.framework; name = QuartzCore.framework; path = System/Library/Frameworks/QuartzCore.framework; sourceTree = SDKROOT; };
		15C76BF218ACB21D006EA77D /* libiconv.dylib */ = {isa = PBXFileReference; lastKnownFileType = "compiled.mach-o.dylib"; name = libiconv.dylib; path = usr/lib/libiconv.dylib; sourceTree = SDKROOT; };
		15C76BF418ACBC9C006EA77D /* MapKit.framework */ = {isa = PBXFileReference; lastKnownFileType = wrapper.framework; name = MapKit.framework; path = System/Library/Frameworks/MapKit.framework; sourceTree = SDKROOT; };
/* End PBXFileReference section */

/* Begin PBXFrameworksBuildPhase section */
		154DFF2418890EAE00082207 /* Frameworks */ = {
			isa = PBXFrameworksBuildPhase;
			buildActionMask = 2147483647;
			files = (
				157B383118ADA4E0008B7ACE /* CoreLocation.framework in Frameworks */,
				15C76BF518ACBC9C006EA77D /* MapKit.framework in Frameworks */,
				15C76BF318ACB21D006EA77D /* libiconv.dylib in Frameworks */,
				15C76BF118ACB20C006EA77D /* QuartzCore.framework in Frameworks */,
				15C76BEF18ACB1FA006EA77D /* CoreVideo.framework in Frameworks */,
				15C76BED18ACB1ED006EA77D /* CoreMedia.framework in Frameworks */,
				15C76BEB18ACB1DF006EA77D /* AVFoundation.framework in Frameworks */,
				154DFF2D18890EAE00082207 /* CoreGraphics.framework in Frameworks */,
				154DFF2F18890EAE00082207 /* UIKit.framework in Frameworks */,
				150D5FCE18ACABB500FE3303 /* libzbar.a in Frameworks */,
				154DFF2B18890EAE00082207 /* Foundation.framework in Frameworks */,
			);
			runOnlyForDeploymentPostprocessing = 0;
		};
		154DFF3F18890EAE00082207 /* Frameworks */ = {
			isa = PBXFrameworksBuildPhase;
			buildActionMask = 2147483647;
			files = (
				154DFF4418890EAE00082207 /* XCTest.framework in Frameworks */,
				154DFF4618890EAE00082207 /* UIKit.framework in Frameworks */,
				154DFF4518890EAE00082207 /* Foundation.framework in Frameworks */,
			);
			runOnlyForDeploymentPostprocessing = 0;
		};
/* End PBXFrameworksBuildPhase section */

/* Begin PBXGroup section */
		150D5FAD18ACABB500FE3303 /* ZBarSDK */ = {
			isa = PBXGroup;
			children = (
				150D5FAE18ACABB500FE3303 /* .gitignore */,
				150D5FAF18ACABB500FE3303 /* Headers */,
				150D5FC618ACABB500FE3303 /* libzbar.a */,
				150D5FC718ACABB500FE3303 /* README */,
				150D5FC818ACABB500FE3303 /* Resources */,
			);
			path = ZBarSDK;
			sourceTree = "<group>";
		};
		150D5FAF18ACABB500FE3303 /* Headers */ = {
			isa = PBXGroup;
			children = (
				150D5FB018ACABB500FE3303 /* ZBarSDK */,
			);
			path = Headers;
			sourceTree = "<group>";
		};
		150D5FB018ACABB500FE3303 /* ZBarSDK */ = {
			isa = PBXGroup;
			children = (
				150D5FB118ACABB500FE3303 /* zbar */,
				150D5FBB18ACABB500FE3303 /* zbar.h */,
				150D5FBC18ACABB500FE3303 /* ZBarCameraSimulator.h */,
				150D5FBD18ACABB500FE3303 /* ZBarCaptureReader.h */,
				150D5FBE18ACABB500FE3303 /* ZBarHelpController.h */,
				150D5FBF18ACABB500FE3303 /* ZBarImage.h */,
				150D5FC018ACABB500FE3303 /* ZBarImageScanner.h */,
				150D5FC118ACABB500FE3303 /* ZBarReaderController.h */,
				150D5FC218ACABB500FE3303 /* ZBarReaderView.h */,
				150D5FC318ACABB500FE3303 /* ZBarReaderViewController.h */,
				150D5FC418ACABB500FE3303 /* ZBarSDK.h */,
				150D5FC518ACABB500FE3303 /* ZBarSymbol.h */,
			);
			path = ZBarSDK;
			sourceTree = "<group>";
		};
		150D5FB118ACABB500FE3303 /* zbar */ = {
			isa = PBXGroup;
			children = (
				150D5FB218ACABB500FE3303 /* Decoder.h */,
				150D5FB318ACABB500FE3303 /* Exception.h */,
				150D5FB418ACABB500FE3303 /* Image.h */,
				150D5FB518ACABB500FE3303 /* ImageScanner.h */,
				150D5FB618ACABB500FE3303 /* Processor.h */,
				150D5FB718ACABB500FE3303 /* Scanner.h */,
				150D5FB818ACABB500FE3303 /* Symbol.h */,
				150D5FB918ACABB500FE3303 /* Video.h */,
				150D5FBA18ACABB500FE3303 /* Window.h */,
			);
			path = zbar;
			sourceTree = "<group>";
		};
		150D5FC818ACABB500FE3303 /* Resources */ = {
			isa = PBXGroup;
			children = (
				150D5FC918ACABB500FE3303 /* zbar-back.png */,
				150D5FCA18ACABB500FE3303 /* zbar-help.html */,
				150D5FCB18ACABB500FE3303 /* zbar-helpicons.png */,
				150D5FCC18ACABB500FE3303 /* zbar-samples.png */,
			);
			path = Resources;
			sourceTree = "<group>";
		};
		154DFF1E18890EAE00082207 = {
			isa = PBXGroup;
			children = (
				154DFF3018890EAE00082207 /* testdemo */,
				154DFF4918890EAE00082207 /* testdemoTests */,
				154DFF2918890EAE00082207 /* Frameworks */,
				154DFF2818890EAE00082207 /* Products */,
			);
			sourceTree = "<group>";
		};
		154DFF2818890EAE00082207 /* Products */ = {
			isa = PBXGroup;
			children = (
				154DFF2718890EAE00082207 /* testdemo.app */,
				154DFF4218890EAE00082207 /* testdemoTests.xctest */,
			);
			name = Products;
			sourceTree = "<group>";
		};
		154DFF2918890EAE00082207 /* Frameworks */ = {
			isa = PBXGroup;
			children = (
				157B383018ADA4E0008B7ACE /* CoreLocation.framework */,
				15C76BF418ACBC9C006EA77D /* MapKit.framework */,
				15C76BF218ACB21D006EA77D /* libiconv.dylib */,
				15C76BF018ACB20C006EA77D /* QuartzCore.framework */,
				15C76BEE18ACB1FA006EA77D /* CoreVideo.framework */,
				15C76BEC18ACB1ED006EA77D /* CoreMedia.framework */,
				15C76BEA18ACB1DF006EA77D /* AVFoundation.framework */,
				154DFF2A18890EAE00082207 /* Foundation.framework */,
				154DFF2C18890EAE00082207 /* CoreGraphics.framework */,
				154DFF2E18890EAE00082207 /* UIKit.framework */,
				154DFF4318890EAE00082207 /* XCTest.framework */,
			);
			name = Frameworks;
			sourceTree = "<group>";
		};
		154DFF3018890EAE00082207 /* testdemo */ = {
			isa = PBXGroup;
			children = (
				158FE4E318AE04610060B15C /* function */,
				150D5FAD18ACABB500FE3303 /* ZBarSDK */,
				154DFF3918890EAE00082207 /* AppDelegate.h */,
				154DFF3A18890EAE00082207 /* AppDelegate.m */,
				154DFF3C18890EAE00082207 /* Images.xcassets */,
				154DFF3118890EAE00082207 /* Supporting Files */,
				150D5FA318ACA0C200FE3303 /* MainViewController.h */,
				150D5FA418ACA0C200FE3303 /* MainViewController.m */,
				150D5FA518ACA0C200FE3303 /* MainViewController.xib */,
				150D5FA818ACA98400FE3303 /* ZabarViewController.h */,
				150D5FA918ACA98400FE3303 /* ZabarViewController.m */,
				150D5FAA18ACA98400FE3303 /* ZabarViewController.xib */,
			);
			path = testdemo;
			sourceTree = "<group>";
		};
		154DFF3118890EAE00082207 /* Supporting Files */ = {
			isa = PBXGroup;
			children = (
				159E974B18B7296800BF7405 /* gc_skydrive_mydrive_pic@2x.png */,
				154DFF3218890EAE00082207 /* testdemo-Info.plist */,
				154DFF3318890EAE00082207 /* InfoPlist.strings */,
				154DFF3618890EAE00082207 /* main.m */,
				154DFF3818890EAE00082207 /* testdemo-Prefix.pch */,
			);
			name = "Supporting Files";
			sourceTree = "<group>";
		};
		154DFF4918890EAE00082207 /* testdemoTests */ = {
			isa = PBXGroup;
			children = (
				154DFF4F18890EAE00082207 /* testdemoTests.m */,
				154DFF4A18890EAE00082207 /* Supporting Files */,
			);
			path = testdemoTests;
			sourceTree = "<group>";
		};
		154DFF4A18890EAE00082207 /* Supporting Files */ = {
			isa = PBXGroup;
			children = (
				154DFF4B18890EAE00082207 /* testdemoTests-Info.plist */,
				154DFF4C18890EAE00082207 /* InfoPlist.strings */,
			);
			name = "Supporting Files";
			sourceTree = "<group>";
		};
		158FE4E318AE04610060B15C /* function */ = {
			isa = PBXGroup;
			children = (
				15566E8E18AE131C00DA2E59 /* Inside_Center_Picture@2x.png */,
				158FE4E418AE04B80060B15C /* AnimationViewController.h */,
				158FE4E518AE04B80060B15C /* AnimationViewController.m */,
				158FE4E618AE04B80060B15C /* AnimationViewController.xib */,
				15566E9018AE159F00DA2E59 /* CycleView.h */,
				15566E9118AE159F00DA2E59 /* CycleView.m */,
			);
			name = function;
			sourceTree = "<group>";
		};
/* End PBXGroup section */

/* Begin PBXNativeTarget section */
		154DFF2618890EAE00082207 /* testdemo */ = {
			isa = PBXNativeTarget;
			buildConfigurationList = 154DFF5318890EAE00082207 /* Build configuration list for PBXNativeTarget "testdemo" */;
			buildPhases = (
				154DFF2318890EAE00082207 /* Sources */,
				154DFF2418890EAE00082207 /* Frameworks */,
				154DFF2518890EAE00082207 /* Resources */,
			);
			buildRules = (
			);
			dependencies = (
			);
			name = testdemo;
			productName = testdemo;
			productReference = 154DFF2718890EAE00082207 /* testdemo.app */;
			productType = "com.apple.product-type.application";
		};
		154DFF4118890EAE00082207 /* testdemoTests */ = {
			isa = PBXNativeTarget;
			buildConfigurationList = 154DFF5618890EAE00082207 /* Build configuration list for PBXNativeTarget "testdemoTests" */;
			buildPhases = (
				154DFF3E18890EAE00082207 /* Sources */,
				154DFF3F18890EAE00082207 /* Frameworks */,
				154DFF4018890EAE00082207 /* Resources */,
			);
			buildRules = (
			);
			dependencies = (
				154DFF4818890EAE00082207 /* PBXTargetDependency */,
			);
			name = testdemoTests;
			productName = testdemoTests;
			productReference = 154DFF4218890EAE00082207 /* testdemoTests.xctest */;
			productType = "com.apple.product-type.bundle.unit-test";
		};
/* End PBXNativeTarget section */

/* Begin PBXProject section */
		154DFF1F18890EAE00082207 /* Project object */ = {
			isa = PBXProject;
			attributes = {
				LastUpgradeCheck = 0500;
				ORGANIZATIONNAME = "王碧仕";
				TargetAttributes = {
					154DFF4118890EAE00082207 = {
						TestTargetID = 154DFF2618890EAE00082207;
					};
				};
			};
			buildConfigurationList = 154DFF2218890EAE00082207 /* Build configuration list for PBXProject "testdemo" */;
			compatibilityVersion = "Xcode 3.2";
			developmentRegion = English;
			hasScannedForEncodings = 0;
			knownRegions = (
				en,
			);
			mainGroup = 154DFF1E18890EAE00082207;
			productRefGroup = 154DFF2818890EAE00082207 /* Products */;
			projectDirPath = "";
			projectRoot = "";
			targets = (
				154DFF2618890EAE00082207 /* testdemo */,
				154DFF4118890EAE00082207 /* testdemoTests */,
			);
		};
/* End PBXProject section */

/* Begin PBXResourcesBuildPhase section */
		154DFF2518890EAE00082207 /* Resources */ = {
			isa = PBXResourcesBuildPhase;
			buildActionMask = 2147483647;
			files = (
				150D5FCF18ACABB500FE3303 /* README in Resources */,
				159E974C18B7296800BF7405 /* gc_skydrive_mydrive_pic@2x.png in Resources */,
				150D5FCD18ACABB500FE3303 /* .gitignore in Resources */,
				150D5FD018ACABB500FE3303 /* zbar-back.png in Resources */,
				158FE4E818AE04B80060B15C /* AnimationViewController.xib in Resources */,
				15566E8F18AE131C00DA2E59 /* Inside_Center_Picture@2x.png in Resources */,
				154DFF3518890EAE00082207 /* InfoPlist.strings in Resources */,
				150D5FA718ACA0C200FE3303 /* MainViewController.xib in Resources */,
				154DFF3D18890EAE00082207 /* Images.xcassets in Resources */,
				150D5FD318ACABB500FE3303 /* zbar-samples.png in Resources */,
				150D5FD118ACABB500FE3303 /* zbar-help.html in Resources */,
				150D5FAC18ACA98400FE3303 /* ZabarViewController.xib in Resources */,
				150D5FD218ACABB500FE3303 /* zbar-helpicons.png in Resources */,
			);
			runOnlyForDeploymentPostprocessing = 0;
		};
		154DFF4018890EAE00082207 /* Resources */ = {
			isa = PBXResourcesBuildPhase;
			buildActionMask = 2147483647;
			files = (
				154DFF4E18890EAE00082207 /* InfoPlist.strings in Resources */,
			);
			runOnlyForDeploymentPostprocessing = 0;
		};
/* End PBXResourcesBuildPhase section */

/* Begin PBXSourcesBuildPhase section */
		154DFF2318890EAE00082207 /* Sources */ = {
			isa = PBXSourcesBuildPhase;
			buildActionMask = 2147483647;
			files = (
				154DFF3B18890EAE00082207 /* AppDelegate.m in Sources */,
				150D5FA618ACA0C200FE3303 /* MainViewController.m in Sources */,
				158FE4E718AE04B80060B15C /* AnimationViewController.m in Sources */,
				154DFF3718890EAE00082207 /* main.m in Sources */,
				150D5FAB18ACA98400FE3303 /* ZabarViewController.m in Sources */,
				15566E9218AE159F00DA2E59 /* CycleView.m in Sources */,
			);
			runOnlyForDeploymentPostprocessing = 0;
		};
		154DFF3E18890EAE00082207 /* Sources */ = {
			isa = PBXSourcesBuildPhase;
			buildActionMask = 2147483647;
			files = (
				154DFF5018890EAE00082207 /* testdemoTests.m in Sources */,
			);
			runOnlyForDeploymentPostprocessing = 0;
		};
/* End PBXSourcesBuildPhase section */

/* Begin PBXTargetDependency section */
		154DFF4818890EAE00082207 /* PBXTargetDependency */ = {
			isa = PBXTargetDependency;
			target = 154DFF2618890EAE00082207 /* testdemo */;
			targetProxy = 154DFF4718890EAE00082207 /* PBXContainerItemProxy */;
		};
/* End PBXTargetDependency section */

/* Begin PBXVariantGroup section */
		154DFF3318890EAE00082207 /* InfoPlist.strings */ = {
			isa = PBXVariantGroup;
			children = (
				154DFF3418890EAE00082207 /* en */,
			);
			name = InfoPlist.strings;
			sourceTree = "<group>";
		};
		154DFF4C18890EAE00082207 /* InfoPlist.strings */ = {
			isa = PBXVariantGroup;
			children = (
				154DFF4D18890EAE00082207 /* en */,
			);
			name = InfoPlist.strings;
			sourceTree = "<group>";
		};
/* End PBXVariantGroup section */

/* Begin XCBuildConfiguration section */
		154DFF5118890EAE00082207 /* Debug */ = {
			isa = XCBuildConfiguration;
			buildSettings = {
				ALWAYS_SEARCH_USER_PATHS = NO;
				ARCHS = "$(ARCHS_STANDARD_INCLUDING_64_BIT)";
				CLANG_CXX_LANGUAGE_STANDARD = "gnu++0x";
				CLANG_CXX_LIBRARY = "libc++";
				CLANG_ENABLE_MODULES = YES;
				CLANG_ENABLE_OBJC_ARC = YES;
				CLANG_WARN_BOOL_CONVERSION = YES;
				CLANG_WARN_CONSTANT_CONVERSION = YES;
				CLANG_WARN_DIRECT_OBJC_ISA_USAGE = YES_ERROR;
				CLANG_WARN_EMPTY_BODY = YES;
				CLANG_WARN_ENUM_CONVERSION = YES;
				CLANG_WARN_INT_CONVERSION = YES;
				CLANG_WARN_OBJC_ROOT_CLASS = YES_ERROR;
				CLANG_WARN__DUPLICATE_METHOD_MATCH = YES;
				"CODE_SIGN_IDENTITY[sdk=iphoneos*]" = "iPhone Developer";
				COPY_PHASE_STRIP = NO;
				GCC_C_LANGUAGE_STANDARD = gnu99;
				GCC_DYNAMIC_NO_PIC = NO;
				GCC_OPTIMIZATION_LEVEL = 0;
				GCC_PREPROCESSOR_DEFINITIONS = (
					"DEBUG=1",
					"$(inherited)",
				);
				GCC_SYMBOLS_PRIVATE_EXTERN = NO;
				GCC_WARN_64_TO_32_BIT_CONVERSION = YES;
				GCC_WARN_ABOUT_RETURN_TYPE = YES_ERROR;
				GCC_WARN_UNDECLARED_SELECTOR = YES;
				GCC_WARN_UNINITIALIZED_AUTOS = YES;
				GCC_WARN_UNUSED_FUNCTION = YES;
				GCC_WARN_UNUSED_VARIABLE = YES;
				IPHONEOS_DEPLOYMENT_TARGET = 7.0;
				ONLY_ACTIVE_ARCH = YES;
				SDKROOT = iphoneos;
				TARGETED_DEVICE_FAMILY = "1,2";
			};
			name = Debug;
		};
		154DFF5218890EAE00082207 /* Release */ = {
			isa = XCBuildConfiguration;
			buildSettings = {
				ALWAYS_SEARCH_USER_PATHS = NO;
				ARCHS = "$(ARCHS_STANDARD_INCLUDING_64_BIT)";
				CLANG_CXX_LANGUAGE_STANDARD = "gnu++0x";
				CLANG_CXX_LIBRARY = "libc++";
				CLANG_ENABLE_MODULES = YES;
				CLANG_ENABLE_OBJC_ARC = YES;
				CLANG_WARN_BOOL_CONVERSION = YES;
				CLANG_WARN_CONSTANT_CONVERSION = YES;
				CLANG_WARN_DIRECT_OBJC_ISA_USAGE = YES_ERROR;
				CLANG_WARN_EMPTY_BODY = YES;
				CLANG_WARN_ENUM_CONVERSION = YES;
				CLANG_WARN_INT_CONVERSION = YES;
				CLANG_WARN_OBJC_ROOT_CLASS = YES_ERROR;
				CLANG_WARN__DUPLICATE_METHOD_MATCH = YES;
				"CODE_SIGN_IDENTITY[sdk=iphoneos*]" = "iPhone Developer";
				COPY_PHASE_STRIP = YES;
				ENABLE_NS_ASSERTIONS = NO;
				GCC_C_LANGUAGE_STANDARD = gnu99;
				GCC_WARN_64_TO_32_BIT_CONVERSION = YES;
				GCC_WARN_ABOUT_RETURN_TYPE = YES_ERROR;
				GCC_WARN_UNDECLARED_SELECTOR = YES;
				GCC_WARN_UNINITIALIZED_AUTOS = YES;
				GCC_WARN_UNUSED_FUNCTION = YES;
				GCC_WARN_UNUSED_VARIABLE = YES;
				IPHONEOS_DEPLOYMENT_TARGET = 7.0;
				SDKROOT = iphoneos;
				TARGETED_DEVICE_FAMILY = "1,2";
				VALIDATE_PRODUCT = YES;
			};
			name = Release;
		};
		154DFF5418890EAE00082207 /* Debug */ = {
			isa = XCBuildConfiguration;
			buildSettings = {
				ASSETCATALOG_COMPILER_APPICON_NAME = AppIcon;
				ASSETCATALOG_COMPILER_LAUNCHIMAGE_NAME = LaunchImage;
				CODE_SIGN_IDENTITY = "iPhone Developer: Yuechen Guo (AWWJAX9UDN)";
				GCC_PRECOMPILE_PREFIX_HEADER = YES;
				GCC_PREFIX_HEADER = "testdemo/testdemo-Prefix.pch";
				INFOPLIST_FILE = "testdemo/testdemo-Info.plist";
				IPHONEOS_DEPLOYMENT_TARGET = 5.1;
				LIBRARY_SEARCH_PATHS = (
					"$(inherited)",
					/Users/wangbs/Desktop/testdemo/testdemo/ZBarSDK,
				);
				PRODUCT_NAME = "$(TARGET_NAME)";
				PROVISIONING_PROFILE = "E519DC65-4AE9-4467-A76C-034DC2B30850";
				WRAPPER_EXTENSION = app;
			};
			name = Debug;
		};
		154DFF5518890EAE00082207 /* Release */ = {
			isa = XCBuildConfiguration;
			buildSettings = {
				ASSETCATALOG_COMPILER_APPICON_NAME = AppIcon;
				ASSETCATALOG_COMPILER_LAUNCHIMAGE_NAME = LaunchImage;
				GCC_PRECOMPILE_PREFIX_HEADER = YES;
				GCC_PREFIX_HEADER = "testdemo/testdemo-Prefix.pch";
				INFOPLIST_FILE = "testdemo/testdemo-Info.plist";
				IPHONEOS_DEPLOYMENT_TARGET = 5.1;
				LIBRARY_SEARCH_PATHS = (
					"$(inherited)",
					/Users/wangbs/Desktop/testdemo/testdemo/ZBarSDK,
				);
				PRODUCT_NAME = "$(TARGET_NAME)";
				PROVISIONING_PROFILE = "E519DC65-4AE9-4467-A76C-034DC2B30850";
				WRAPPER_EXTENSION = app;
			};
			name = Release;
		};
		154DFF5718890EAE00082207 /* Debug */ = {
			isa = XCBuildConfiguration;
			buildSettings = {
				ARCHS = "$(ARCHS_STANDARD_INCLUDING_64_BIT)";
				BUNDLE_LOADER = "$(BUILT_PRODUCTS_DIR)/testdemo.app/testdemo";
				FRAMEWORK_SEARCH_PATHS = (
					"$(SDKROOT)/Developer/Library/Frameworks",
					"$(inherited)",
					"$(DEVELOPER_FRAMEWORKS_DIR)",
				);
				GCC_PRECOMPILE_PREFIX_HEADER = YES;
				GCC_PREFIX_HEADER = "testdemo/testdemo-Prefix.pch";
				GCC_PREPROCESSOR_DEFINITIONS = (
					"DEBUG=1",
					"$(inherited)",
				);
				INFOPLIST_FILE = "testdemoTests/testdemoTests-Info.plist";
				PRODUCT_NAME = "$(TARGET_NAME)";
				TEST_HOST = "$(BUNDLE_LOADER)";
				WRAPPER_EXTENSION = xctest;
			};
			name = Debug;
		};
		154DFF5818890EAE00082207 /* Release */ = {
			isa = XCBuildConfiguration;
			buildSettings = {
				ARCHS = "$(ARCHS_STANDARD_INCLUDING_64_BIT)";
				BUNDLE_LOADER = "$(BUILT_PRODUCTS_DIR)/testdemo.app/testdemo";
				FRAMEWORK_SEARCH_PATHS = (
					"$(SDKROOT)/Developer/Library/Frameworks",
					"$(inherited)",
					"$(DEVELOPER_FRAMEWORKS_DIR)",
				);
				GCC_PRECOMPILE_PREFIX_HEADER = YES;
				GCC_PREFIX_HEADER = "testdemo/testdemo-Prefix.pch";
				INFOPLIST_FILE = "testdemoTests/testdemoTests-Info.plist";
				PRODUCT_NAME = "$(TARGET_NAME)";
				TEST_HOST = "$(BUNDLE_LOADER)";
				WRAPPER_EXTENSION = xctest;
			};
			name = Release;
		};
/* End XCBuildConfiguration section */

/* Begin XCConfigurationList section */
		154DFF2218890EAE00082207 /* Build configuration list for PBXProject "testdemo" */ = {
			isa = XCConfigurationList;
			buildConfigurations = (
				154DFF5118890EAE00082207 /* Debug */,
				154DFF5218890EAE00082207 /* Release */,
			);
			defaultConfigurationIsVisible = 0;
			defaultConfigurationName = Release;
		};
		154DFF5318890EAE00082207 /* Build configuration list for PBXNativeTarget "testdemo" */ = {
			isa = XCConfigurationList;
			buildConfigurations = (
				154DFF5418890EAE00082207 /* Debug */,
				154DFF5518890EAE00082207 /* Release */,
			);
			defaultConfigurationIsVisible = 0;
			defaultConfigurationName = Release;
		};
		154DFF5618890EAE00082207 /* Build configuration list for PBXNativeTarget "testdemoTests" */ = {
			isa = XCConfigurationList;
			buildConfigurations = (
				154DFF5718890EAE00082207 /* Debug */,
				154DFF5818890EAE00082207 /* Release */,
			);
			defaultConfigurationIsVisible = 0;
			defaultConfigurationName = Release;
		};
/* End XCConfigurationList section */
	};
	rootObject = 154DFF1F18890EAE00082207 /* Project object */;
}
